
Microsoft Visual Studio Solution File, Format Version 12.00
# Visual Studio Version 16
VisualStudioVersion = 16.0.31205.134
MinimumVisualStudioVersion = 10.0.40219.1
Project("{FAE04EC0-301F-11D3-BF4B-00C04F79EFBC}") = "mxServer", "mxServer.csproj", "{42ADFC2E-DD4E-463E-AF23-E6F1ECC8805C}"
EndProject
Project("{FAE04EC0-301F-11D3-BF4B-00C04F79EFBC}") = "mxClient", "..\..\..\ALMAC_BACKUP\mxClient\mxClient.csproj", "{CD874BE0-7896-409E-9F44-144538162084}"
EndProject
Global
	GlobalSection(SolutionConfigurationPlatforms) = preSolution
		Debug|Any CPU = Debug|Any CPU
		Debug|x64 = Debug|x64
		Debug|x86 = Debug|x86
		Release|Any CPU = Release|Any CPU
		Release|x64 = Release|x64
		Release|x86 = Release|x86
	EndGlobalSection
	GlobalSection(ProjectConfigurationPlatforms) = postSolution
		{42ADFC2E-DD4E-463E-AF23-E6F1ECC8805C}.Debug|Any CPU.ActiveCfg = Debug|Any CPU
		{42ADFC2E-DD4E-463E-AF23-E6F1ECC8805C}.Debug|Any CPU.Build.0 = Debug|Any CPU
		{42ADFC2E-DD4E-463E-AF23-E6F1ECC8805C}.Debug|x64.ActiveCfg = Debug|x64
		{42ADFC2E-DD4E-463E-AF23-E6F1ECC8805C}.Debug|x64.Build.0 = Debug|x64
		{42ADFC2E-DD4E-463E-AF23-E6F1ECC8805C}.Debug|x86.ActiveCfg = Debug|x86
		{42ADFC2E-DD4E-463E-AF23-E6F1ECC8805C}.Debug|x86.Build.0 = Debug|x86
		{42ADFC2E-DD4E-463E-AF23-E6F1ECC8805C}.Release|Any CPU.ActiveCfg = Release|Any CPU
		{42ADFC2E-DD4E-463E-AF23-E6F1ECC8805C}.Release|Any CPU.Build.0 = Release|Any CPU
		{42ADFC2E-DD4E-463E-AF23-E6F1ECC8805C}.Release|x64.ActiveCfg = Release|x64
		{42ADFC2E-DD4E-463E-AF23-E6F1ECC8805C}.Release|x64.Build.0 = Release|x64
		{42ADFC2E-DD4E-463E-AF23-E6F1ECC8805C}.Release|x86.ActiveCfg = Debug|x86
		{42ADFC2E-DD4E-463E-AF23-E6F1ECC8805C}.Release|x86.Build.0 = Debug|x86
		{CD874BE0-7896-409E-9F44-144538162084}.Debug|Any CPU.ActiveCfg = Debug|Any CPU
		{CD874BE0-7896-409E-9F44-144538162084}.Debug|Any CPU.Build.0 = Debug|Any CPU
		{CD874BE0-7896-409E-9F44-144538162084}.Debug|x64.ActiveCfg = Debug|x64
		{CD874BE0-7896-409E-9F44-144538162084}.Debug|x64.Build.0 = Debug|x64
		{CD874BE0-7896-409E-9F44-144538162084}.Debug|x86.ActiveCfg = Debug|x86
		{CD874BE0-7896-409E-9F44-144538162084}.Debug|x86.Build.0 = Debug|x86
		{CD874BE0-7896-409E-9F44-144538162084}.Release|Any CPU.ActiveCfg = Release|Any CPU
		{CD874BE0-7896-409E-9F44-144538162084}.Release|Any CPU.Build.0 = Release|Any CPU
		{CD874BE0-7896-409E-9F44-144538162084}.Release|x64.ActiveCfg = Release|x64
		{CD874BE0-7896-409E-9F44-144538162084}.Release|x64.Build.0 = Release|x64
		{CD874BE0-7896-409E-9F44-144538162084}.Release|x86.ActiveCfg = Release|Any CPU
		{CD874BE0-7896-409E-9F44-144538162084}.Release|x86.Build.0 = Release|Any CPU
	EndGlobalSection
	GlobalSection(SolutionProperties) = preSolution
		HideSolutionNode = FALSE
	EndGlobalSection
	GlobalSection(ExtensibilityGlobals) = postSolution
		SolutionGuid = {E46D2DEE-9080-4317-A389-1F1B558107D7}
	EndGlobalSection
EndGlobal
