
Microsoft Visual Studio Solution File, Format Version 12.00
# Visual Studio 15
VisualStudioVersion = 15.0.28307.539
MinimumVisualStudioVersion = 10.0.40219.1
Project("{FAE04EC0-301F-11D3-BF4B-00C04F79EFBC}") = "USBLib", "USBLib.csproj", "{B89A0E26-8A40-4EB2-BEEC-100359BCE76E}"
EndProject
Global
	GlobalSection(SolutionConfigurationPlatforms) = preSolution
		Debug|Any CPU = Debug|Any CPU
		Release|Any CPU = Release|Any CPU
	EndGlobalSection
	GlobalSection(ProjectConfigurationPlatforms) = postSolution
		{B89A0E26-8A40-4EB2-BEEC-100359BCE76E}.Debug|Any CPU.ActiveCfg = Debug|Any CPU
		{B89A0E26-8A40-4EB2-BEEC-100359BCE76E}.Debug|Any CPU.Build.0 = Debug|Any CPU
		{B89A0E26-8A40-4EB2-BEEC-100359BCE76E}.Release|Any CPU.ActiveCfg = Release|Any CPU
		{B89A0E26-8A40-4EB2-BEEC-100359BCE76E}.Release|Any CPU.Build.0 = Release|Any CPU
	EndGlobalSection
	GlobalSection(SolutionProperties) = preSolution
		HideSolutionNode = FALSE
	EndGlobalSection
	GlobalSection(ExtensibilityGlobals) = postSolution
		SolutionGuid = {9D6348B6-D1A4-4BDF-8EA4-332646116D3B}
	EndGlobalSection
EndGlobal
